Microsoft Visual Studio Solution File, Format Version 12.00
# Visual Studio 2012
Project("{FAE04EC0-301F-11D3-BF4B-00C04F79EFBC}") = "Tappy", "Tappy.csproj", "{CEF6BB99-7EE1-4F6C-93EA-B0656D3F6C9C}"
EndProject
Global
	GlobalSection(SolutionConfigurationPlatforms) = preSolution
	Debug|Any CPU = Debug|Any CPU
	ExportDebug|Any CPU = ExportDebug|Any CPU
	ExportRelease|Any CPU = ExportRelease|Any CPU
	EndGlobalSection
	GlobalSection(ProjectConfigurationPlatforms) = postSolution
		{CEF6BB99-7EE1-4F6C-93EA-B0656D3F6C9C}.Debug|Any CPU.ActiveCfg = Debug|Any CPU
		{CEF6BB99-7EE1-4F6C-93EA-B0656D3F6C9C}.Debug|Any CPU.Build.0 = Debug|Any CPU
		{CEF6BB99-7EE1-4F6C-93EA-B0656D3F6C9C}.ExportDebug|Any CPU.ActiveCfg = ExportDebug|Any CPU
		{CEF6BB99-7EE1-4F6C-93EA-B0656D3F6C9C}.ExportDebug|Any CPU.Build.0 = ExportDebug|Any CPU
		{CEF6BB99-7EE1-4F6C-93EA-B0656D3F6C9C}.ExportRelease|Any CPU.ActiveCfg = ExportRelease|Any CPU
		{CEF6BB99-7EE1-4F6C-93EA-B0656D3F6C9C}.ExportRelease|Any CPU.Build.0 = ExportRelease|Any CPU
	EndGlobalSection
EndGlobal
